
Microsoft Visual Studio Solution File, Format Version 12.00
# Visual Studio Version 17
VisualStudioVersion = 17.0.32014.148
MinimumVisualStudioVersion = 10.0.40219.1
Project("{FAE04EC0-301F-11D3-BF4B-00C04F79EFBC}") = "DutchTubers.Server", "DutchTubers.Server\DutchTubers.Server.csproj", "{9E521AB1-359D-43FE-87DC-5A8EA2554479}"
EndProject
Project("{FAE04EC0-301F-11D3-BF4B-00C04F79EFBC}") = "DutchTubers.Server.Tests", "DutchTubers.Server.Tests\DutchTubers.Server.Tests.csproj", "{097C00D7-F6BB-46D4-B67E-246747B95963}"
EndProject
Global
	GlobalSection(SolutionConfigurationPlatforms) = preSolution
		Debug|Any CPU = Debug|Any CPU
		Release|Any CPU = Release|Any CPU
	EndGlobalSection
	GlobalSection(ProjectConfigurationPlatforms) = postSolution
		{9E521AB1-359D-43FE-87DC-5A8EA2554479}.Debug|Any CPU.ActiveCfg = Debug|Any CPU
		{9E521AB1-359D-43FE-87DC-5A8EA2554479}.Debug|Any CPU.Build.0 = Debug|Any CPU
		{9E521AB1-359D-43FE-87DC-5A8EA2554479}.Release|Any CPU.ActiveCfg = Release|Any CPU
		{9E521AB1-359D-43FE-87DC-5A8EA2554479}.Release|Any CPU.Build.0 = Release|Any CPU
		{097C00D7-F6BB-46D4-B67E-246747B95963}.Debug|Any CPU.ActiveCfg = Debug|Any CPU
		{097C00D7-F6BB-46D4-B67E-246747B95963}.Debug|Any CPU.Build.0 = Debug|Any CPU
		{097C00D7-F6BB-46D4-B67E-246747B95963}.Release|Any CPU.ActiveCfg = Release|Any CPU
		{097C00D7-F6BB-46D4-B67E-246747B95963}.Release|Any CPU.Build.0 = Release|Any CPU
	EndGlobalSection
	GlobalSection(SolutionProperties) = preSolution
		HideSolutionNode = FALSE
	EndGlobalSection
	GlobalSection(ExtensibilityGlobals) = postSolution
		SolutionGuid = {339E3A69-596F-4366-8F10-962B11837C2C}
	EndGlobalSection
EndGlobal
